
Microsoft Visual Studio Solution File, Format Version 12.00
# Visual Studio Version 17
VisualStudioVersion = 17.7.34009.444
MinimumVisualStudioVersion = 10.0.40219.1
Project("{9A19103F-16F7-4668-BE54-9A1E7A4F7556}") = "01.Cinema", "..\01.Cinema\01.Cinema.csproj", "{BACEDE4C-F9D8-46C1-AFF5-B1C20DA0E513}"
EndProject
Project("{9A19103F-16F7-4668-BE54-9A1E7A4F7556}") = "02.SummerClothing", "..\02.SummerClothing\02.SummerClothing.csproj", "{DB744062-E9BF-4B4C-AD4A-5FC61E3C95E9}"
EndProject
Project("{9A19103F-16F7-4668-BE54-9A1E7A4F7556}") = "03.NewHome", "..\03.NewHome\03.NewHome.csproj", "{AD1A46E6-E1EF-4F6E-8233-6024ECA6274D}"
EndProject
Project("{9A19103F-16F7-4668-BE54-9A1E7A4F7556}") = "04.FishingBoat", "..\04.FishingBoat\04.FishingBoat.csproj", "{EC894125-6EA0-477F-99FD-AF29B6AB12A3}"
EndProject
Project("{9A19103F-16F7-4668-BE54-9A1E7A4F7556}") = "05.Journey", "..\05.Journey\05.Journey.csproj", "{6F9A3C9F-9049-4395-90A8-1272AF94CE72}"
EndProject
Project("{9A19103F-16F7-4668-BE54-9A1E7A4F7556}") = "07.Hotel room", "..\07.Hotel room\07.Hotel room.csproj", "{4DF26F5D-6A9F-4F2D-92CD-E243D78CF2E2}"
EndProject
Project("{9A19103F-16F7-4668-BE54-9A1E7A4F7556}") = "09.SkiHoliday", "..\09.SkiHoliday\09.SkiHoliday.csproj", "{E3DA9AAF-FE33-4654-B995-25C2B93A40F7}"
EndProject
Project("{9A19103F-16F7-4668-BE54-9A1E7A4F7556}") = "08.OnTimeForExam", "..\08.OnTimeForExam\08.OnTimeForExam.csproj", "{A2C96E5A-C78D-42EF-891C-8A9B4B0E3AFD}"
EndProject
Project("{9A19103F-16F7-4668-BE54-9A1E7A4F7556}") = "001.FreezingWater", "..\001.FreezingWater\001.FreezingWater.csproj", "{447F49D9-527B-4575-BAB9-3B8E747F283E}"
EndProject
Project("{9A19103F-16F7-4668-BE54-9A1E7A4F7556}") = "002.EvenOrOdd", "..\002.EvenOrOdd\002.EvenOrOdd.csproj", "{4A3AE65E-BCC1-48E5-B3C7-5CC40878CC92}"
EndProject
Project("{9A19103F-16F7-4668-BE54-9A1E7A4F7556}") = "003.Number19AsWords", "..\003.Number19AsWords\003.Number19AsWords.csproj", "{AFAC4A91-8E6A-4E1E-943D-C2EF639036D9}"
EndProject
Project("{9A19103F-16F7-4668-BE54-9A1E7A4F7556}") = "004.GreaterNumber", "..\004.GreaterNumber\004.GreaterNumber.csproj", "{9C5DC836-DB6C-4B0F-B078-43286907399E}"
EndProject
Project("{9A19103F-16F7-4668-BE54-9A1E7A4F7556}") = "005.GuessThePassword", "..\005.GuessThePassword\005.GuessThePassword.csproj", "{59276982-D1CF-40B2-B24E-E90A70C8FE25}"
EndProject
Project("{9A19103F-16F7-4668-BE54-9A1E7A4F7556}") = "006.BoilingWater", "..\006.BoilingWater\006.BoilingWater.csproj", "{E107E285-A184-4D3F-84E7-2A835BFF1E4A}"
EndProject
Project("{9A19103F-16F7-4668-BE54-9A1E7A4F7556}") = "007.SpeedInfo", "..\007.SpeedInfo\007.SpeedInfo.csproj", "{60A09EED-16AD-4185-B727-BDEF79DD3C1C}"
EndProject
Project("{9A19103F-16F7-4668-BE54-9A1E7A4F7556}") = "008.TicketPrice", "..\008.TicketPrice\008.TicketPrice.csproj", "{B449EDBF-330E-4A75-99D9-C7D554DB57FE}"
EndProject
Project("{9A19103F-16F7-4668-BE54-9A1E7A4F7556}") = "009.AreaOfFigures", "..\009.AreaOfFigures\009.AreaOfFigures.csproj", "{2360F9C2-B061-42F2-90B3-1999F167688C}"
EndProject
Project("{9A19103F-16F7-4668-BE54-9A1E7A4F7556}") = "010.ValidTriangle", "..\010.ValidTriangle\010.ValidTriangle.csproj", "{2DCB50AF-AE52-4F29-8401-826B1D880922}"
EndProject
Project("{9A19103F-16F7-4668-BE54-9A1E7A4F7556}") = "011.CoffeeShop", "..\011.CoffeeShop\011.CoffeeShop.csproj", "{F4CA2CA5-7BB6-472D-9EE6-F500A403A5FA}"
EndProject
Project("{9A19103F-16F7-4668-BE54-9A1E7A4F7556}") = "012.CoffeeShopWithChecks", "..\012.CoffeeShopWithChecks\012.CoffeeShopWithChecks.csproj", "{3B765788-482A-475A-834D-EA42EFC05ECA}"
EndProject
Project("{9A19103F-16F7-4668-BE54-9A1E7A4F7556}") = "1.Marketplace", "..\1.Marketplace\1.Marketplace.csproj", "{79F60981-7E54-4027-A3E4-4043D40E50BE}"
EndProject
Project("{9A19103F-16F7-4668-BE54-9A1E7A4F7556}") = "2.LargestNumberOutOfThree", "..\2.LargestNumberOutOfThree\2.LargestNumberOutOfThree.csproj", "{F50ED58D-B96D-420E-AC4E-459E168D29C8}"
EndProject
Project("{9A19103F-16F7-4668-BE54-9A1E7A4F7556}") = "06.Operations", "..\06.Operations\06.Operations.csproj", "{831E2B83-9276-4C57-886B-2E27F072033E}"
EndProject
Project("{9A19103F-16F7-4668-BE54-9A1E7A4F7556}") = "3.BonusScore", "..\3.BonusScore\3.BonusScore.csproj", "{1A4339AB-FABE-4106-8F28-AFC8ECDCA84F}"
EndProject
Project("{9A19103F-16F7-4668-BE54-9A1E7A4F7556}") = "4.FoodОrDrink", "..\4.FoodОrDrink\4.FoodОrDrink.csproj", "{963EBC4D-71A7-4CE0-ACAB-6EC668902A47}"
EndProject
Project("{FAE04EC0-301F-11D3-BF4B-00C04F79EFBC}") = "8.SortedNumbers", "..\8.SortedNumbers\8.SortedNumbers.csproj", "{4FA9CE4E-2E7D-4251-8BF1-9AF703EE2CAC}"
EndProject
Project("{FAE04EC0-301F-11D3-BF4B-00C04F79EFBC}") = "11.NumberType", "..\11.NumberType\11.NumberType.csproj", "{B1127AAC-ACAD-4573-9ACE-9C12A934A6CA}"
EndProject
Project("{FAE04EC0-301F-11D3-BF4B-00C04F79EFBC}") = "12.ATM", "..\12.ATM\12.ATM.csproj", "{CB5CA176-46AE-42CB-8776-48062643955C}"
EndProject
Project("{FAE04EC0-301F-11D3-BF4B-00C04F79EFBC}") = "13.BiggestOfFiveNumbers", "..\13.BiggestOfFiveNumbers\13.BiggestOfFiveNumbers.csproj", "{F84D861C-0C88-4C66-9206-5D2D91B9575F}"
EndProject
Project("{FAE04EC0-301F-11D3-BF4B-00C04F79EFBC}") = "15.VacationExpenses", "..\15.VacationExpenses\15.VacationExpenses.csproj", "{8C93210F-BABB-42A6-AB45-9B51D767EC29}"
EndProject
Project("{FAE04EC0-301F-11D3-BF4B-00C04F79EFBC}") = "16.ProductOfThreeNumbers", "..\16.ProductOfThreeNumbers\16.ProductOfThreeNumbers.csproj", "{4E5EF626-2E99-49E2-9DE5-AD6D1B77464D}"
EndProject
Project("{FAE04EC0-301F-11D3-BF4B-00C04F79EFBC}") = "17.WorkingHours", "..\17.WorkingHours\17.WorkingHours.csproj", "{961BFEC3-22B9-4CF8-807E-EAB1C964550D}"
EndProject
Project("{FAE04EC0-301F-11D3-BF4B-00C04F79EFBC}") = "18.InvalidNumber", "..\18.InvalidNumber\18.InvalidNumber.csproj", "{CC727AC2-B520-496A-92A0-A6101DD0BA0C}"
EndProject
Project("{FAE04EC0-301F-11D3-BF4B-00C04F79EFBC}") = "19.SumSeconds", "..\19.SumSeconds\19.SumSeconds.csproj", "{59FEEB65-A2DB-44AE-91D3-454E8290A1C8}"
EndProject
Global
	GlobalSection(SolutionConfigurationPlatforms) = preSolution
		Debug|Any CPU = Debug|Any CPU
		Release|Any CPU = Release|Any CPU
	EndGlobalSection
	GlobalSection(ProjectConfigurationPlatforms) = postSolution
		{BACEDE4C-F9D8-46C1-AFF5-B1C20DA0E513}.Debug|Any CPU.ActiveCfg = Debug|Any CPU
		{BACEDE4C-F9D8-46C1-AFF5-B1C20DA0E513}.Debug|Any CPU.Build.0 = Debug|Any CPU
		{BACEDE4C-F9D8-46C1-AFF5-B1C20DA0E513}.Release|Any CPU.ActiveCfg = Release|Any CPU
		{BACEDE4C-F9D8-46C1-AFF5-B1C20DA0E513}.Release|Any CPU.Build.0 = Release|Any CPU
		{DB744062-E9BF-4B4C-AD4A-5FC61E3C95E9}.Debug|Any CPU.ActiveCfg = Debug|Any CPU
		{DB744062-E9BF-4B4C-AD4A-5FC61E3C95E9}.Debug|Any CPU.Build.0 = Debug|Any CPU
		{DB744062-E9BF-4B4C-AD4A-5FC61E3C95E9}.Release|Any CPU.ActiveCfg = Release|Any CPU
		{DB744062-E9BF-4B4C-AD4A-5FC61E3C95E9}.Release|Any CPU.Build.0 = Release|Any CPU
		{AD1A46E6-E1EF-4F6E-8233-6024ECA6274D}.Debug|Any CPU.ActiveCfg = Debug|Any CPU
		{AD1A46E6-E1EF-4F6E-8233-6024ECA6274D}.Debug|Any CPU.Build.0 = Debug|Any CPU
		{AD1A46E6-E1EF-4F6E-8233-6024ECA6274D}.Release|Any CPU.ActiveCfg = Release|Any CPU
		{AD1A46E6-E1EF-4F6E-8233-6024ECA6274D}.Release|Any CPU.Build.0 = Release|Any CPU
		{EC894125-6EA0-477F-99FD-AF29B6AB12A3}.Debug|Any CPU.ActiveCfg = Debug|Any CPU
		{EC894125-6EA0-477F-99FD-AF29B6AB12A3}.Debug|Any CPU.Build.0 = Debug|Any CPU
		{EC894125-6EA0-477F-99FD-AF29B6AB12A3}.Release|Any CPU.ActiveCfg = Release|Any CPU
		{EC894125-6EA0-477F-99FD-AF29B6AB12A3}.Release|Any CPU.Build.0 = Release|Any CPU
		{6F9A3C9F-9049-4395-90A8-1272AF94CE72}.Debug|Any CPU.ActiveCfg = Debug|Any CPU
		{6F9A3C9F-9049-4395-90A8-1272AF94CE72}.Debug|Any CPU.Build.0 = Debug|Any CPU
		{6F9A3C9F-9049-4395-90A8-1272AF94CE72}.Release|Any CPU.ActiveCfg = Release|Any CPU
		{6F9A3C9F-9049-4395-90A8-1272AF94CE72}.Release|Any CPU.Build.0 = Release|Any CPU
		{4DF26F5D-6A9F-4F2D-92CD-E243D78CF2E2}.Debug|Any CPU.ActiveCfg = Debug|Any CPU
		{4DF26F5D-6A9F-4F2D-92CD-E243D78CF2E2}.Debug|Any CPU.Build.0 = Debug|Any CPU
		{4DF26F5D-6A9F-4F2D-92CD-E243D78CF2E2}.Release|Any CPU.ActiveCfg = Release|Any CPU
		{4DF26F5D-6A9F-4F2D-92CD-E243D78CF2E2}.Release|Any CPU.Build.0 = Release|Any CPU
		{E3DA9AAF-FE33-4654-B995-25C2B93A40F7}.Debug|Any CPU.ActiveCfg = Debug|Any CPU
		{E3DA9AAF-FE33-4654-B995-25C2B93A40F7}.Debug|Any CPU.Build.0 = Debug|Any CPU
		{E3DA9AAF-FE33-4654-B995-25C2B93A40F7}.Release|Any CPU.ActiveCfg = Release|Any CPU
		{E3DA9AAF-FE33-4654-B995-25C2B93A40F7}.Release|Any CPU.Build.0 = Release|Any CPU
		{A2C96E5A-C78D-42EF-891C-8A9B4B0E3AFD}.Debug|Any CPU.ActiveCfg = Debug|Any CPU
		{A2C96E5A-C78D-42EF-891C-8A9B4B0E3AFD}.Debug|Any CPU.Build.0 = Debug|Any CPU
		{A2C96E5A-C78D-42EF-891C-8A9B4B0E3AFD}.Release|Any CPU.ActiveCfg = Release|Any CPU
		{A2C96E5A-C78D-42EF-891C-8A9B4B0E3AFD}.Release|Any CPU.Build.0 = Release|Any CPU
		{447F49D9-527B-4575-BAB9-3B8E747F283E}.Debug|Any CPU.ActiveCfg = Debug|Any CPU
		{447F49D9-527B-4575-BAB9-3B8E747F283E}.Debug|Any CPU.Build.0 = Debug|Any CPU
		{447F49D9-527B-4575-BAB9-3B8E747F283E}.Release|Any CPU.ActiveCfg = Release|Any CPU
		{447F49D9-527B-4575-BAB9-3B8E747F283E}.Release|Any CPU.Build.0 = Release|Any CPU
		{4A3AE65E-BCC1-48E5-B3C7-5CC40878CC92}.Debug|Any CPU.ActiveCfg = Debug|Any CPU
		{4A3AE65E-BCC1-48E5-B3C7-5CC40878CC92}.Debug|Any CPU.Build.0 = Debug|Any CPU
		{4A3AE65E-BCC1-48E5-B3C7-5CC40878CC92}.Release|Any CPU.ActiveCfg = Release|Any CPU
		{4A3AE65E-BCC1-48E5-B3C7-5CC40878CC92}.Release|Any CPU.Build.0 = Release|Any CPU
		{AFAC4A91-8E6A-4E1E-943D-C2EF639036D9}.Debug|Any CPU.ActiveCfg = Debug|Any CPU
		{AFAC4A91-8E6A-4E1E-943D-C2EF639036D9}.Debug|Any CPU.Build.0 = Debug|Any CPU
		{AFAC4A91-8E6A-4E1E-943D-C2EF639036D9}.Release|Any CPU.ActiveCfg = Release|Any CPU
		{AFAC4A91-8E6A-4E1E-943D-C2EF639036D9}.Release|Any CPU.Build.0 = Release|Any CPU
		{9C5DC836-DB6C-4B0F-B078-43286907399E}.Debug|Any CPU.ActiveCfg = Debug|Any CPU
		{9C5DC836-DB6C-4B0F-B078-43286907399E}.Debug|Any CPU.Build.0 = Debug|Any CPU
		{9C5DC836-DB6C-4B0F-B078-43286907399E}.Release|Any CPU.ActiveCfg = Release|Any CPU
		{9C5DC836-DB6C-4B0F-B078-43286907399E}.Release|Any CPU.Build.0 = Release|Any CPU
		{59276982-D1CF-40B2-B24E-E90A70C8FE25}.Debug|Any CPU.ActiveCfg = Debug|Any CPU
		{59276982-D1CF-40B2-B24E-E90A70C8FE25}.Debug|Any CPU.Build.0 = Debug|Any CPU
		{59276982-D1CF-40B2-B24E-E90A70C8FE25}.Release|Any CPU.ActiveCfg = Release|Any CPU
		{59276982-D1CF-40B2-B24E-E90A70C8FE25}.Release|Any CPU.Build.0 = Release|Any CPU
		{E107E285-A184-4D3F-84E7-2A835BFF1E4A}.Debug|Any CPU.ActiveCfg = Debug|Any CPU
		{E107E285-A184-4D3F-84E7-2A835BFF1E4A}.Debug|Any CPU.Build.0 = Debug|Any CPU
		{E107E285-A184-4D3F-84E7-2A835BFF1E4A}.Release|Any CPU.ActiveCfg = Release|Any CPU
		{E107E285-A184-4D3F-84E7-2A835BFF1E4A}.Release|Any CPU.Build.0 = Release|Any CPU
		{60A09EED-16AD-4185-B727-BDEF79DD3C1C}.Debug|Any CPU.ActiveCfg = Debug|Any CPU
		{60A09EED-16AD-4185-B727-BDEF79DD3C1C}.Debug|Any CPU.Build.0 = Debug|Any CPU
		{60A09EED-16AD-4185-B727-BDEF79DD3C1C}.Release|Any CPU.ActiveCfg = Release|Any CPU
		{60A09EED-16AD-4185-B727-BDEF79DD3C1C}.Release|Any CPU.Build.0 = Release|Any CPU
		{B449EDBF-330E-4A75-99D9-C7D554DB57FE}.Debug|Any CPU.ActiveCfg = Debug|Any CPU
		{B449EDBF-330E-4A75-99D9-C7D554DB57FE}.Debug|Any CPU.Build.0 = Debug|Any CPU
		{B449EDBF-330E-4A75-99D9-C7D554DB57FE}.Release|Any CPU.ActiveCfg = Release|Any CPU
		{B449EDBF-330E-4A75-99D9-C7D554DB57FE}.Release|Any CPU.Build.0 = Release|Any CPU
		{2360F9C2-B061-42F2-90B3-1999F167688C}.Debug|Any CPU.ActiveCfg = Debug|Any CPU
		{2360F9C2-B061-42F2-90B3-1999F167688C}.Debug|Any CPU.Build.0 = Debug|Any CPU
		{2360F9C2-B061-42F2-90B3-1999F167688C}.Release|Any CPU.ActiveCfg = Release|Any CPU
		{2360F9C2-B061-42F2-90B3-1999F167688C}.Release|Any CPU.Build.0 = Release|Any CPU
		{2DCB50AF-AE52-4F29-8401-826B1D880922}.Debug|Any CPU.ActiveCfg = Debug|Any CPU
		{2DCB50AF-AE52-4F29-8401-826B1D880922}.Debug|Any CPU.Build.0 = Debug|Any CPU
		{2DCB50AF-AE52-4F29-8401-826B1D880922}.Release|Any CPU.ActiveCfg = Release|Any CPU
		{2DCB50AF-AE52-4F29-8401-826B1D880922}.Release|Any CPU.Build.0 = Release|Any CPU
		{F4CA2CA5-7BB6-472D-9EE6-F500A403A5FA}.Debug|Any CPU.ActiveCfg = Debug|Any CPU
		{F4CA2CA5-7BB6-472D-9EE6-F500A403A5FA}.Debug|Any CPU.Build.0 = Debug|Any CPU
		{F4CA2CA5-7BB6-472D-9EE6-F500A403A5FA}.Release|Any CPU.ActiveCfg = Release|Any CPU
		{F4CA2CA5-7BB6-472D-9EE6-F500A403A5FA}.Release|Any CPU.Build.0 = Release|Any CPU
		{3B765788-482A-475A-834D-EA42EFC05ECA}.Debug|Any CPU.ActiveCfg = Debug|Any CPU
		{3B765788-482A-475A-834D-EA42EFC05ECA}.Debug|Any CPU.Build.0 = Debug|Any CPU
		{3B765788-482A-475A-834D-EA42EFC05ECA}.Release|Any CPU.ActiveCfg = Release|Any CPU
		{3B765788-482A-475A-834D-EA42EFC05ECA}.Release|Any CPU.Build.0 = Release|Any CPU
		{79F60981-7E54-4027-A3E4-4043D40E50BE}.Debug|Any CPU.ActiveCfg = Debug|Any CPU
		{79F60981-7E54-4027-A3E4-4043D40E50BE}.Debug|Any CPU.Build.0 = Debug|Any CPU
		{79F60981-7E54-4027-A3E4-4043D40E50BE}.Release|Any CPU.ActiveCfg = Release|Any CPU
		{79F60981-7E54-4027-A3E4-4043D40E50BE}.Release|Any CPU.Build.0 = Release|Any CPU
		{F50ED58D-B96D-420E-AC4E-459E168D29C8}.Debug|Any CPU.ActiveCfg = Debug|Any CPU
		{F50ED58D-B96D-420E-AC4E-459E168D29C8}.Debug|Any CPU.Build.0 = Debug|Any CPU
		{F50ED58D-B96D-420E-AC4E-459E168D29C8}.Release|Any CPU.ActiveCfg = Release|Any CPU
		{F50ED58D-B96D-420E-AC4E-459E168D29C8}.Release|Any CPU.Build.0 = Release|Any CPU
		{831E2B83-9276-4C57-886B-2E27F072033E}.Debug|Any CPU.ActiveCfg = Debug|Any CPU
		{831E2B83-9276-4C57-886B-2E27F072033E}.Debug|Any CPU.Build.0 = Debug|Any CPU
		{831E2B83-9276-4C57-886B-2E27F072033E}.Release|Any CPU.ActiveCfg = Release|Any CPU
		{831E2B83-9276-4C57-886B-2E27F072033E}.Release|Any CPU.Build.0 = Release|Any CPU
		{1A4339AB-FABE-4106-8F28-AFC8ECDCA84F}.Debug|Any CPU.ActiveCfg = Debug|Any CPU
		{1A4339AB-FABE-4106-8F28-AFC8ECDCA84F}.Debug|Any CPU.Build.0 = Debug|Any CPU
		{1A4339AB-FABE-4106-8F28-AFC8ECDCA84F}.Release|Any CPU.ActiveCfg = Release|Any CPU
		{1A4339AB-FABE-4106-8F28-AFC8ECDCA84F}.Release|Any CPU.Build.0 = Release|Any CPU
		{963EBC4D-71A7-4CE0-ACAB-6EC668902A47}.Debug|Any CPU.ActiveCfg = Debug|Any CPU
		{963EBC4D-71A7-4CE0-ACAB-6EC668902A47}.Debug|Any CPU.Build.0 = Debug|Any CPU
		{963EBC4D-71A7-4CE0-ACAB-6EC668902A47}.Release|Any CPU.ActiveCfg = Release|Any CPU
		{963EBC4D-71A7-4CE0-ACAB-6EC668902A47}.Release|Any CPU.Build.0 = Release|Any CPU
		{4FA9CE4E-2E7D-4251-8BF1-9AF703EE2CAC}.Debug|Any CPU.ActiveCfg = Debug|Any CPU
		{4FA9CE4E-2E7D-4251-8BF1-9AF703EE2CAC}.Debug|Any CPU.Build.0 = Debug|Any CPU
		{4FA9CE4E-2E7D-4251-8BF1-9AF703EE2CAC}.Release|Any CPU.ActiveCfg = Release|Any CPU
		{4FA9CE4E-2E7D-4251-8BF1-9AF703EE2CAC}.Release|Any CPU.Build.0 = Release|Any CPU
		{B1127AAC-ACAD-4573-9ACE-9C12A934A6CA}.Debug|Any CPU.ActiveCfg = Debug|Any CPU
		{B1127AAC-ACAD-4573-9ACE-9C12A934A6CA}.Debug|Any CPU.Build.0 = Debug|Any CPU
		{B1127AAC-ACAD-4573-9ACE-9C12A934A6CA}.Release|Any CPU.ActiveCfg = Release|Any CPU
		{B1127AAC-ACAD-4573-9ACE-9C12A934A6CA}.Release|Any CPU.Build.0 = Release|Any CPU
		{CB5CA176-46AE-42CB-8776-48062643955C}.Debug|Any CPU.ActiveCfg = Debug|Any CPU
		{CB5CA176-46AE-42CB-8776-48062643955C}.Debug|Any CPU.Build.0 = Debug|Any CPU
		{CB5CA176-46AE-42CB-8776-48062643955C}.Release|Any CPU.ActiveCfg = Release|Any CPU
		{CB5CA176-46AE-42CB-8776-48062643955C}.Release|Any CPU.Build.0 = Release|Any CPU
		{F84D861C-0C88-4C66-9206-5D2D91B9575F}.Debug|Any CPU.ActiveCfg = Debug|Any CPU
		{F84D861C-0C88-4C66-9206-5D2D91B9575F}.Debug|Any CPU.Build.0 = Debug|Any CPU
		{F84D861C-0C88-4C66-9206-5D2D91B9575F}.Release|Any CPU.ActiveCfg = Release|Any CPU
		{F84D861C-0C88-4C66-9206-5D2D91B9575F}.Release|Any CPU.Build.0 = Release|Any CPU
		{8C93210F-BABB-42A6-AB45-9B51D767EC29}.Debug|Any CPU.ActiveCfg = Debug|Any CPU
		{8C93210F-BABB-42A6-AB45-9B51D767EC29}.Debug|Any CPU.Build.0 = Debug|Any CPU
		{8C93210F-BABB-42A6-AB45-9B51D767EC29}.Release|Any CPU.ActiveCfg = Release|Any CPU
		{8C93210F-BABB-42A6-AB45-9B51D767EC29}.Release|Any CPU.Build.0 = Release|Any CPU
		{4E5EF626-2E99-49E2-9DE5-AD6D1B77464D}.Debug|Any CPU.ActiveCfg = Debug|Any CPU
		{4E5EF626-2E99-49E2-9DE5-AD6D1B77464D}.Debug|Any CPU.Build.0 = Debug|Any CPU
		{4E5EF626-2E99-49E2-9DE5-AD6D1B77464D}.Release|Any CPU.ActiveCfg = Release|Any CPU
		{4E5EF626-2E99-49E2-9DE5-AD6D1B77464D}.Release|Any CPU.Build.0 = Release|Any CPU
		{961BFEC3-22B9-4CF8-807E-EAB1C964550D}.Debug|Any CPU.ActiveCfg = Debug|Any CPU
		{961BFEC3-22B9-4CF8-807E-EAB1C964550D}.Debug|Any CPU.Build.0 = Debug|Any CPU
		{961BFEC3-22B9-4CF8-807E-EAB1C964550D}.Release|Any CPU.ActiveCfg = Release|Any CPU
		{961BFEC3-22B9-4CF8-807E-EAB1C964550D}.Release|Any CPU.Build.0 = Release|Any CPU
		{CC727AC2-B520-496A-92A0-A6101DD0BA0C}.Debug|Any CPU.ActiveCfg = Debug|Any CPU
		{CC727AC2-B520-496A-92A0-A6101DD0BA0C}.Debug|Any CPU.Build.0 = Debug|Any CPU
		{CC727AC2-B520-496A-92A0-A6101DD0BA0C}.Release|Any CPU.ActiveCfg = Release|Any CPU
		{CC727AC2-B520-496A-92A0-A6101DD0BA0C}.Release|Any CPU.Build.0 = Release|Any CPU
		{59FEEB65-A2DB-44AE-91D3-454E8290A1C8}.Debug|Any CPU.ActiveCfg = Debug|Any CPU
		{59FEEB65-A2DB-44AE-91D3-454E8290A1C8}.Debug|Any CPU.Build.0 = Debug|Any CPU
		{59FEEB65-A2DB-44AE-91D3-454E8290A1C8}.Release|Any CPU.ActiveCfg = Release|Any CPU
		{59FEEB65-A2DB-44AE-91D3-454E8290A1C8}.Release|Any CPU.Build.0 = Release|Any CPU
	EndGlobalSection
	GlobalSection(SolutionProperties) = preSolution
		HideSolutionNode = FALSE
	EndGlobalSection
	GlobalSection(ExtensibilityGlobals) = postSolution
		SolutionGuid = {8CBCAD48-F82E-4BDE-AF94-11B0A18009AE}
	EndGlobalSection
EndGlobal
